
Microsoft Visual Studio Solution File, Format Version 12.00
# Visual Studio Version 17
VisualStudioVersion = 17.1.32328.378
MinimumVisualStudioVersion = 10.0.40219.1
Project("{9A19103F-16F7-4668-BE54-9A1E7A4F7556}") = "Domain", "Domain\Domain.csproj", "{06FCD8C3-7B02-4592-95CE-318AB61FC61F}"
EndProject
Project("{FAE04EC0-301F-11D3-BF4B-00C04F79EFBC}") = "Tests", "Tests\Tests.csproj", "{B5C6EFD3-9ECE-436D-B687-C377E2420DDD}"
EndProject
Global
	GlobalSection(SolutionConfigurationPlatforms) = preSolution
		Debug|Any CPU = Debug|Any CPU
		Release|Any CPU = Release|Any CPU
	EndGlobalSection
	GlobalSection(ProjectConfigurationPlatforms) = postSolution
		{06FCD8C3-7B02-4592-95CE-318AB61FC61F}.Debug|Any CPU.ActiveCfg = Debug|Any CPU
		{06FCD8C3-7B02-4592-95CE-318AB61FC61F}.Debug|Any CPU.Build.0 = Debug|Any CPU
		{06FCD8C3-7B02-4592-95CE-318AB61FC61F}.Release|Any CPU.ActiveCfg = Release|Any CPU
		{06FCD8C3-7B02-4592-95CE-318AB61FC61F}.Release|Any CPU.Build.0 = Release|Any CPU
		{B5C6EFD3-9ECE-436D-B687-C377E2420DDD}.Debug|Any CPU.ActiveCfg = Debug|Any CPU
		{B5C6EFD3-9ECE-436D-B687-C377E2420DDD}.Debug|Any CPU.Build.0 = Debug|Any CPU
		{B5C6EFD3-9ECE-436D-B687-C377E2420DDD}.Release|Any CPU.ActiveCfg = Release|Any CPU
		{B5C6EFD3-9ECE-436D-B687-C377E2420DDD}.Release|Any CPU.Build.0 = Release|Any CPU
	EndGlobalSection
	GlobalSection(SolutionProperties) = preSolution
		HideSolutionNode = FALSE
	EndGlobalSection
	GlobalSection(ExtensibilityGlobals) = postSolution
		SolutionGuid = {AF16FC24-6112-4208-8ED7-AC0B305E39FE}
	EndGlobalSection
EndGlobal
