
Microsoft Visual Studio Solution File, Format Version 12.00
# Visual Studio Version 17
VisualStudioVersion = 17.1.32328.378
MinimumVisualStudioVersion = 10.0.40219.1
Project("{2150E333-8FDC-42A3-9474-1A3956D46DE8}") = "BuildingBlocks", "BuildingBlocks", "{9F8EC8EE-0304-48CD-AAA1-08C096BE8FC2}"
EndProject
Project("{2150E333-8FDC-42A3-9474-1A3956D46DE8}") = "Api", "Api", "{323A33ED-7A52-4066-9A3E-EF0B71BE59BF}"
EndProject
Project("{2150E333-8FDC-42A3-9474-1A3956D46DE8}") = "Modules", "Modules", "{963622A2-8FE2-43A6-964A-E6A384282798}"
EndProject
Project("{2150E333-8FDC-42A3-9474-1A3956D46DE8}") = "Sales", "Sales", "{3B36F256-0167-47B3-86EB-9B877FF08EAF}"
EndProject
Project("{2150E333-8FDC-42A3-9474-1A3956D46DE8}") = "Inventory", "Inventory", "{7914C14B-78F5-49D7-AA89-C9507D7E700B}"
EndProject
Project("{2150E333-8FDC-42A3-9474-1A3956D46DE8}") = "Tests", "Tests", "{49A41BF9-3963-4A25-8F62-92F5190AB6AB}"
EndProject
Project("{2150E333-8FDC-42A3-9474-1A3956D46DE8}") = "Gateway", "Gateway", "{DC82AC78-340C-4DF2-A78D-C2933C7BD476}"
EndProject
Project("{2150E333-8FDC-42A3-9474-1A3956D46DE8}") = "Database", "Database", "{69EA0749-8592-43C6-A6DB-1EAA6B93423D}"
EndProject
Project("{FAE04EC0-301F-11D3-BF4B-00C04F79EFBC}") = "Cto.Tutorial.ModularMonolith.Api", "Api\Cto.Tutorial.ModularMonolith.Api\Cto.Tutorial.ModularMonolith.Api.csproj", "{1579CF49-0A2D-4BAF-BAD0-87620018E637}"
EndProject
Project("{9A19103F-16F7-4668-BE54-9A1E7A4F7556}") = "Inventory.Domain", "Modules\Inventory\Inventory.Domain\Inventory.Domain.csproj", "{AAEC96BE-1B65-4BA3-8866-6A8AF6A216B3}"
EndProject
Project("{9A19103F-16F7-4668-BE54-9A1E7A4F7556}") = "Sales.Domain", "Modules\Sales\Sales.Domain\Sales.Domain.csproj", "{A6DD70A6-FB57-40C7-9A99-6AE19F3BA00D}"
EndProject
Project("{9A19103F-16F7-4668-BE54-9A1E7A4F7556}") = "BuildingBlocks.Domain", "BuildingBlocks\BuildingBlocks.Domain\BuildingBlocks.Domain.csproj", "{1F36C1C4-7355-48D0-9213-0C5215FCE1A1}"
EndProject
Project("{FAE04EC0-301F-11D3-BF4B-00C04F79EFBC}") = "BuildingBlocks.Application", "BuildingBlocks\BuildingBlocks.Application\BuildingBlocks.Application.csproj", "{6255AAE6-D4F0-4FD8-8A43-61721A74D25A}"
EndProject
Project("{FAE04EC0-301F-11D3-BF4B-00C04F79EFBC}") = "BuildingBlocks.EventBus", "BuildingBlocks\BuildingBlocks.EventBus\BuildingBlocks.EventBus.csproj", "{76B93218-8A6D-436D-9849-B0A0355C0DEE}"
EndProject
Project("{FAE04EC0-301F-11D3-BF4B-00C04F79EFBC}") = "BuildingBlocks.Infrastructure", "BuildingBlocks\BuildingBlocks.Infrastructure\BuildingBlocks.Infrastructure.csproj", "{47F3A582-F412-442F-9D57-7A6B5D99F6E6}"
EndProject
Project("{FAE04EC0-301F-11D3-BF4B-00C04F79EFBC}") = "Gateway", "Gateway\Gateway\Gateway.csproj", "{86A6EF7F-9C16-4B82-B28D-BEE336CEE97D}"
EndProject
Global
	GlobalSection(SolutionConfigurationPlatforms) = preSolution
		Debug|Any CPU = Debug|Any CPU
		Release|Any CPU = Release|Any CPU
	EndGlobalSection
	GlobalSection(ProjectConfigurationPlatforms) = postSolution
		{1579CF49-0A2D-4BAF-BAD0-87620018E637}.Debug|Any CPU.ActiveCfg = Debug|Any CPU
		{1579CF49-0A2D-4BAF-BAD0-87620018E637}.Debug|Any CPU.Build.0 = Debug|Any CPU
		{1579CF49-0A2D-4BAF-BAD0-87620018E637}.Release|Any CPU.ActiveCfg = Release|Any CPU
		{1579CF49-0A2D-4BAF-BAD0-87620018E637}.Release|Any CPU.Build.0 = Release|Any CPU
		{AAEC96BE-1B65-4BA3-8866-6A8AF6A216B3}.Debug|Any CPU.ActiveCfg = Debug|Any CPU
		{AAEC96BE-1B65-4BA3-8866-6A8AF6A216B3}.Debug|Any CPU.Build.0 = Debug|Any CPU
		{AAEC96BE-1B65-4BA3-8866-6A8AF6A216B3}.Release|Any CPU.ActiveCfg = Release|Any CPU
		{AAEC96BE-1B65-4BA3-8866-6A8AF6A216B3}.Release|Any CPU.Build.0 = Release|Any CPU
		{A6DD70A6-FB57-40C7-9A99-6AE19F3BA00D}.Debug|Any CPU.ActiveCfg = Debug|Any CPU
		{A6DD70A6-FB57-40C7-9A99-6AE19F3BA00D}.Debug|Any CPU.Build.0 = Debug|Any CPU
		{A6DD70A6-FB57-40C7-9A99-6AE19F3BA00D}.Release|Any CPU.ActiveCfg = Release|Any CPU
		{A6DD70A6-FB57-40C7-9A99-6AE19F3BA00D}.Release|Any CPU.Build.0 = Release|Any CPU
		{1F36C1C4-7355-48D0-9213-0C5215FCE1A1}.Debug|Any CPU.ActiveCfg = Debug|Any CPU
		{1F36C1C4-7355-48D0-9213-0C5215FCE1A1}.Debug|Any CPU.Build.0 = Debug|Any CPU
		{1F36C1C4-7355-48D0-9213-0C5215FCE1A1}.Release|Any CPU.ActiveCfg = Release|Any CPU
		{1F36C1C4-7355-48D0-9213-0C5215FCE1A1}.Release|Any CPU.Build.0 = Release|Any CPU
		{6255AAE6-D4F0-4FD8-8A43-61721A74D25A}.Debug|Any CPU.ActiveCfg = Debug|Any CPU
		{6255AAE6-D4F0-4FD8-8A43-61721A74D25A}.Debug|Any CPU.Build.0 = Debug|Any CPU
		{6255AAE6-D4F0-4FD8-8A43-61721A74D25A}.Release|Any CPU.ActiveCfg = Release|Any CPU
		{6255AAE6-D4F0-4FD8-8A43-61721A74D25A}.Release|Any CPU.Build.0 = Release|Any CPU
		{76B93218-8A6D-436D-9849-B0A0355C0DEE}.Debug|Any CPU.ActiveCfg = Debug|Any CPU
		{76B93218-8A6D-436D-9849-B0A0355C0DEE}.Debug|Any CPU.Build.0 = Debug|Any CPU
		{76B93218-8A6D-436D-9849-B0A0355C0DEE}.Release|Any CPU.ActiveCfg = Release|Any CPU
		{76B93218-8A6D-436D-9849-B0A0355C0DEE}.Release|Any CPU.Build.0 = Release|Any CPU
		{47F3A582-F412-442F-9D57-7A6B5D99F6E6}.Debug|Any CPU.ActiveCfg = Debug|Any CPU
		{47F3A582-F412-442F-9D57-7A6B5D99F6E6}.Debug|Any CPU.Build.0 = Debug|Any CPU
		{47F3A582-F412-442F-9D57-7A6B5D99F6E6}.Release|Any CPU.ActiveCfg = Release|Any CPU
		{47F3A582-F412-442F-9D57-7A6B5D99F6E6}.Release|Any CPU.Build.0 = Release|Any CPU
		{86A6EF7F-9C16-4B82-B28D-BEE336CEE97D}.Debug|Any CPU.ActiveCfg = Debug|Any CPU
		{86A6EF7F-9C16-4B82-B28D-BEE336CEE97D}.Debug|Any CPU.Build.0 = Debug|Any CPU
		{86A6EF7F-9C16-4B82-B28D-BEE336CEE97D}.Release|Any CPU.ActiveCfg = Release|Any CPU
		{86A6EF7F-9C16-4B82-B28D-BEE336CEE97D}.Release|Any CPU.Build.0 = Release|Any CPU
	EndGlobalSection
	GlobalSection(SolutionProperties) = preSolution
		HideSolutionNode = FALSE
	EndGlobalSection
	GlobalSection(NestedProjects) = preSolution
		{3B36F256-0167-47B3-86EB-9B877FF08EAF} = {963622A2-8FE2-43A6-964A-E6A384282798}
		{7914C14B-78F5-49D7-AA89-C9507D7E700B} = {963622A2-8FE2-43A6-964A-E6A384282798}
		{1579CF49-0A2D-4BAF-BAD0-87620018E637} = {323A33ED-7A52-4066-9A3E-EF0B71BE59BF}
		{AAEC96BE-1B65-4BA3-8866-6A8AF6A216B3} = {7914C14B-78F5-49D7-AA89-C9507D7E700B}
		{A6DD70A6-FB57-40C7-9A99-6AE19F3BA00D} = {3B36F256-0167-47B3-86EB-9B877FF08EAF}
		{1F36C1C4-7355-48D0-9213-0C5215FCE1A1} = {9F8EC8EE-0304-48CD-AAA1-08C096BE8FC2}
		{6255AAE6-D4F0-4FD8-8A43-61721A74D25A} = {9F8EC8EE-0304-48CD-AAA1-08C096BE8FC2}
		{76B93218-8A6D-436D-9849-B0A0355C0DEE} = {9F8EC8EE-0304-48CD-AAA1-08C096BE8FC2}
		{47F3A582-F412-442F-9D57-7A6B5D99F6E6} = {9F8EC8EE-0304-48CD-AAA1-08C096BE8FC2}
		{86A6EF7F-9C16-4B82-B28D-BEE336CEE97D} = {DC82AC78-340C-4DF2-A78D-C2933C7BD476}
	EndGlobalSection
	GlobalSection(ExtensibilityGlobals) = postSolution
		SolutionGuid = {DBDDCC7A-AC4D-4F0B-973F-E28C295A23F3}
	EndGlobalSection
EndGlobal
